
Microsoft Visual Studio Solution File, Format Version 12.00
# Visual Studio Version 17
VisualStudioVersion = 17.14.36429.23
MinimumVisualStudioVersion = 10.0.40219.1
Project("{2150E333-8FDC-42A3-9474-1A3956D46DE8}") = "Task0", "Task0", "{02EA681E-C7D8-13C7-8484-4AC65E1B71E8}"
EndProject
Project("{FAE04EC0-301F-11D3-BF4B-00C04F79EFBC}") = "Tyuiu.ZamyatinKP.Sprint6.Task0.V26", "Tyuiu.ZamyatinKP.Sprint6.Task0.V26\Tyuiu.ZamyatinKP.Sprint6.Task0.V26.csproj", "{D7C95D83-956E-4B7C-BE8F-573EBA25C877}"
EndProject
Project("{FAE04EC0-301F-11D3-BF4B-00C04F79EFBC}") = "Tyuiu.ZamyatinKP.Sprint6.Task0.V26.Lib", "Tyuiu.ZamyatinKP.Sprint6.Task0.V26.Lib\Tyuiu.ZamyatinKP.Sprint6.Task0.V26.Lib.csproj", "{085E4615-F972-4F58-A9CA-6AD980A2F456}"
EndProject
Project("{FAE04EC0-301F-11D3-BF4B-00C04F79EFBC}") = "Tyuiu.ZamyatinKP.Sprint6.Task0.V26.Test", "Tyuiu.ZamyatinKP.Sprint6.Task0.V26.Test\Tyuiu.ZamyatinKP.Sprint6.Task0.V26.Test.csproj", "{35192C98-CE01-47C1-829D-920171A63E87}"
EndProject
Project("{2150E333-8FDC-42A3-9474-1A3956D46DE8}") = "Task1", "Task1", "{3E797F18-851E-4970-8A9F-05D1E92EB89A}"
EndProject
Project("{FAE04EC0-301F-11D3-BF4B-00C04F79EFBC}") = "Tyuiu.ZamyatinKP.Sprint6.Task1.V21", "Tyuiu.ZamyatinKP.Sprint6.Task1.V21\Tyuiu.ZamyatinKP.Sprint6.Task1.V21.csproj", "{E07F1BC4-1B28-4682-AB09-D6A147147DB6}"
EndProject
Project("{FAE04EC0-301F-11D3-BF4B-00C04F79EFBC}") = "Tyuiu.ZamyatinKP.Sprint6.Task1.V21.Lib", "Tyuiu.ZamyatinKP.Sprint6.Task1.V21.Lib\Tyuiu.ZamyatinKP.Sprint6.Task1.V21.Lib.csproj", "{9F13A85F-BD69-4263-BF9A-9A3A9AF17702}"
EndProject
Project("{FAE04EC0-301F-11D3-BF4B-00C04F79EFBC}") = "Tyuiu.ZamyatinKP.Sprint6.Task1.V21.Test", "Tyuiu.ZamyatinKP.Sprint6.Task1.V21.Test\Tyuiu.ZamyatinKP.Sprint6.Task1.V21.Test.csproj", "{4E6FBD7F-3D23-4963-AFA6-21BA9503B152}"
EndProject
Project("{2150E333-8FDC-42A3-9474-1A3956D46DE8}") = "Task2", "Task2", "{7DCB3430-4A17-4C0D-8786-CF0112AB64B8}"
EndProject
Project("{FAE04EC0-301F-11D3-BF4B-00C04F79EFBC}") = "Tyuiu.ZamyatinKP.Sprint6.Task2.V1", "Tyuiu.ZamyatinKP.Sprint6.Task2.V1\Tyuiu.ZamyatinKP.Sprint6.Task2.V1.csproj", "{FFD149E3-F241-410A-A0BD-D4B9799C22DE}"
EndProject
Project("{FAE04EC0-301F-11D3-BF4B-00C04F79EFBC}") = "Tyuiu.ZamyatinKP.Sprint6.Task2.V1.Lib", "Tyuiu.ZamyatinKP.Sprint6.Task2.V1.Lib\Tyuiu.ZamyatinKP.Sprint6.Task2.V1.Lib.csproj", "{863D83F1-231A-4CFC-8277-6FE8DDF2F83B}"
EndProject
Project("{FAE04EC0-301F-11D3-BF4B-00C04F79EFBC}") = "Tyuiu.ZamyatinKP.Sprint6.Task2.V1.Test", "Tyuiu.ZamyatinKP.Sprint6.Task2.V1.Test\Tyuiu.ZamyatinKP.Sprint6.Task2.V1.Test.csproj", "{2E810BE0-ED37-454E-90DF-877E0DE7ED61}"
EndProject
Project("{2150E333-8FDC-42A3-9474-1A3956D46DE8}") = "Task3", "Task3", "{A5392B7D-FC49-4A1C-B15E-11BE802BB783}"
EndProject
Project("{FAE04EC0-301F-11D3-BF4B-00C04F79EFBC}") = "Tyuiu.ZamyatinKP.Sprint6.Task3.V25", "Tyuiu.ZamyatinKP.Sprint6.Task3.V25\Tyuiu.ZamyatinKP.Sprint6.Task3.V25.csproj", "{E3E0E087-9921-4154-A7E0-1AC1AAF1DF68}"
EndProject
Project("{FAE04EC0-301F-11D3-BF4B-00C04F79EFBC}") = "Tyuiu.ZamyatinKP.Sprint6.Task3.V25.Lib", "Tyuiu.ZamyatinKP.Sprint6.Task3.V25.Lib\Tyuiu.ZamyatinKP.Sprint6.Task3.V25.Lib.csproj", "{5277345B-D05B-4C6F-AFD0-2C953083286C}"
EndProject
Project("{FAE04EC0-301F-11D3-BF4B-00C04F79EFBC}") = "Tyuiu.ZamyatinKP.Sprint6.Task3.V25.Test", "Tyuiu.ZamyatinKP.Sprint6.Task3.V25.Test\Tyuiu.ZamyatinKP.Sprint6.Task3.V25.Test.csproj", "{1DD628E8-E659-4984-988E-077C7CE1EDA8}"
EndProject
Project("{2150E333-8FDC-42A3-9474-1A3956D46DE8}") = "Task4", "Task4", "{4C806C9D-DA45-4D91-B174-51070CCB1327}"
EndProject
Project("{FAE04EC0-301F-11D3-BF4B-00C04F79EFBC}") = "Tyuiu.ZamyatinKP.Sprint6.Task4.V23", "Tyuiu.ZamyatinKP.Sprint6.Task4.V23\Tyuiu.ZamyatinKP.Sprint6.Task4.V23.csproj", "{765E70B1-D7CE-48FF-A9EA-F250E6CEA00D}"
EndProject
Project("{FAE04EC0-301F-11D3-BF4B-00C04F79EFBC}") = "Tyuiu.ZamyatinKP.Sprint6.Task4.V23.Lib", "Tyuiu.ZamyatinKP.Sprint6.Task4.V23.Lib\Tyuiu.ZamyatinKP.Sprint6.Task4.V23.Lib.csproj", "{0B59EE7C-08E6-4A99-824F-81FE64BCFFDB}"
EndProject
Project("{FAE04EC0-301F-11D3-BF4B-00C04F79EFBC}") = "Tyuiu.ZamyatinKP.Sprint6.Task4.V23.Test", "Tyuiu.ZamyatinKP.Sprint6.Task4.V23.Test\Tyuiu.ZamyatinKP.Sprint6.Task4.V23.Test.csproj", "{741FD0C4-89BF-4132-87F5-F068016658D6}"
EndProject
Project("{2150E333-8FDC-42A3-9474-1A3956D46DE8}") = "Task5", "Task5", "{6573D485-AC9B-4862-937D-ECB9D6DC627C}"
EndProject
Project("{FAE04EC0-301F-11D3-BF4B-00C04F79EFBC}") = "Tyuiu.ZamyatinKP.Sprint6.Task5.V6", "Tyuiu.ZamyatinKP.Sprint6.Task5.V6\Tyuiu.ZamyatinKP.Sprint6.Task5.V6.csproj", "{8234B271-F67A-4FC0-886D-1DFE9BA03780}"
EndProject
Project("{FAE04EC0-301F-11D3-BF4B-00C04F79EFBC}") = "Tyuiu.ZamyatinKP.Sprint6.Task5.V6.Lib", "Tyuiu.ZamyatinKP.Sprint6.Task5.V6.Lib\Tyuiu.ZamyatinKP.Sprint6.Task5.V6.Lib.csproj", "{B5DEC582-B4F8-43E9-A5B1-35ACF565D4AC}"
EndProject
Project("{FAE04EC0-301F-11D3-BF4B-00C04F79EFBC}") = "Tyuiu.ZamyatinKP.Sprint6.Task5.V6.Test", "Tyuiu.ZamyatinKP.Sprint6.Task5.V6.Test\Tyuiu.ZamyatinKP.Sprint6.Task5.V6.Test.csproj", "{555B340E-CA48-449F-B511-F556005CD044}"
EndProject
Global
	GlobalSection(SolutionConfigurationPlatforms) = preSolution
		Debug|Any CPU = Debug|Any CPU
		Release|Any CPU = Release|Any CPU
	EndGlobalSection
	GlobalSection(ProjectConfigurationPlatforms) = postSolution
		{D7C95D83-956E-4B7C-BE8F-573EBA25C877}.Debug|Any CPU.ActiveCfg = Debug|Any CPU
		{D7C95D83-956E-4B7C-BE8F-573EBA25C877}.Debug|Any CPU.Build.0 = Debug|Any CPU
		{D7C95D83-956E-4B7C-BE8F-573EBA25C877}.Release|Any CPU.ActiveCfg = Release|Any CPU
		{D7C95D83-956E-4B7C-BE8F-573EBA25C877}.Release|Any CPU.Build.0 = Release|Any CPU
		{085E4615-F972-4F58-A9CA-6AD980A2F456}.Debug|Any CPU.ActiveCfg = Debug|Any CPU
		{085E4615-F972-4F58-A9CA-6AD980A2F456}.Debug|Any CPU.Build.0 = Debug|Any CPU
		{085E4615-F972-4F58-A9CA-6AD980A2F456}.Release|Any CPU.ActiveCfg = Release|Any CPU
		{085E4615-F972-4F58-A9CA-6AD980A2F456}.Release|Any CPU.Build.0 = Release|Any CPU
		{35192C98-CE01-47C1-829D-920171A63E87}.Debug|Any CPU.ActiveCfg = Debug|Any CPU
		{35192C98-CE01-47C1-829D-920171A63E87}.Debug|Any CPU.Build.0 = Debug|Any CPU
		{35192C98-CE01-47C1-829D-920171A63E87}.Release|Any CPU.ActiveCfg = Release|Any CPU
		{35192C98-CE01-47C1-829D-920171A63E87}.Release|Any CPU.Build.0 = Release|Any CPU
		{E07F1BC4-1B28-4682-AB09-D6A147147DB6}.Debug|Any CPU.ActiveCfg = Debug|Any CPU
		{E07F1BC4-1B28-4682-AB09-D6A147147DB6}.Debug|Any CPU.Build.0 = Debug|Any CPU
		{E07F1BC4-1B28-4682-AB09-D6A147147DB6}.Release|Any CPU.ActiveCfg = Release|Any CPU
		{E07F1BC4-1B28-4682-AB09-D6A147147DB6}.Release|Any CPU.Build.0 = Release|Any CPU
		{9F13A85F-BD69-4263-BF9A-9A3A9AF17702}.Debug|Any CPU.ActiveCfg = Debug|Any CPU
		{9F13A85F-BD69-4263-BF9A-9A3A9AF17702}.Debug|Any CPU.Build.0 = Debug|Any CPU
		{9F13A85F-BD69-4263-BF9A-9A3A9AF17702}.Release|Any CPU.ActiveCfg = Release|Any CPU
		{9F13A85F-BD69-4263-BF9A-9A3A9AF17702}.Release|Any CPU.Build.0 = Release|Any CPU
		{4E6FBD7F-3D23-4963-AFA6-21BA9503B152}.Debug|Any CPU.ActiveCfg = Debug|Any CPU
		{4E6FBD7F-3D23-4963-AFA6-21BA9503B152}.Debug|Any CPU.Build.0 = Debug|Any CPU
		{4E6FBD7F-3D23-4963-AFA6-21BA9503B152}.Release|Any CPU.ActiveCfg = Release|Any CPU
		{4E6FBD7F-3D23-4963-AFA6-21BA9503B152}.Release|Any CPU.Build.0 = Release|Any CPU
		{FFD149E3-F241-410A-A0BD-D4B9799C22DE}.Debug|Any CPU.ActiveCfg = Debug|Any CPU
		{FFD149E3-F241-410A-A0BD-D4B9799C22DE}.Debug|Any CPU.Build.0 = Debug|Any CPU
		{FFD149E3-F241-410A-A0BD-D4B9799C22DE}.Release|Any CPU.ActiveCfg = Release|Any CPU
		{FFD149E3-F241-410A-A0BD-D4B9799C22DE}.Release|Any CPU.Build.0 = Release|Any CPU
		{863D83F1-231A-4CFC-8277-6FE8DDF2F83B}.Debug|Any CPU.ActiveCfg = Debug|Any CPU
		{863D83F1-231A-4CFC-8277-6FE8DDF2F83B}.Debug|Any CPU.Build.0 = Debug|Any CPU
		{863D83F1-231A-4CFC-8277-6FE8DDF2F83B}.Release|Any CPU.ActiveCfg = Release|Any CPU
		{863D83F1-231A-4CFC-8277-6FE8DDF2F83B}.Release|Any CPU.Build.0 = Release|Any CPU
		{2E810BE0-ED37-454E-90DF-877E0DE7ED61}.Debug|Any CPU.ActiveCfg = Debug|Any CPU
		{2E810BE0-ED37-454E-90DF-877E0DE7ED61}.Debug|Any CPU.Build.0 = Debug|Any CPU
		{2E810BE0-ED37-454E-90DF-877E0DE7ED61}.Release|Any CPU.ActiveCfg = Release|Any CPU
		{2E810BE0-ED37-454E-90DF-877E0DE7ED61}.Release|Any CPU.Build.0 = Release|Any CPU
		{E3E0E087-9921-4154-A7E0-1AC1AAF1DF68}.Debug|Any CPU.ActiveCfg = Debug|Any CPU
		{E3E0E087-9921-4154-A7E0-1AC1AAF1DF68}.Debug|Any CPU.Build.0 = Debug|Any CPU
		{E3E0E087-9921-4154-A7E0-1AC1AAF1DF68}.Release|Any CPU.ActiveCfg = Release|Any CPU
		{E3E0E087-9921-4154-A7E0-1AC1AAF1DF68}.Release|Any CPU.Build.0 = Release|Any CPU
		{5277345B-D05B-4C6F-AFD0-2C953083286C}.Debug|Any CPU.ActiveCfg = Debug|Any CPU
		{5277345B-D05B-4C6F-AFD0-2C953083286C}.Debug|Any CPU.Build.0 = Debug|Any CPU
		{5277345B-D05B-4C6F-AFD0-2C953083286C}.Release|Any CPU.ActiveCfg = Release|Any CPU
		{5277345B-D05B-4C6F-AFD0-2C953083286C}.Release|Any CPU.Build.0 = Release|Any CPU
		{1DD628E8-E659-4984-988E-077C7CE1EDA8}.Debug|Any CPU.ActiveCfg = Debug|Any CPU
		{1DD628E8-E659-4984-988E-077C7CE1EDA8}.Debug|Any CPU.Build.0 = Debug|Any CPU
		{1DD628E8-E659-4984-988E-077C7CE1EDA8}.Release|Any CPU.ActiveCfg = Release|Any CPU
		{1DD628E8-E659-4984-988E-077C7CE1EDA8}.Release|Any CPU.Build.0 = Release|Any CPU
		{765E70B1-D7CE-48FF-A9EA-F250E6CEA00D}.Debug|Any CPU.ActiveCfg = Debug|Any CPU
		{765E70B1-D7CE-48FF-A9EA-F250E6CEA00D}.Debug|Any CPU.Build.0 = Debug|Any CPU
		{765E70B1-D7CE-48FF-A9EA-F250E6CEA00D}.Release|Any CPU.ActiveCfg = Release|Any CPU
		{765E70B1-D7CE-48FF-A9EA-F250E6CEA00D}.Release|Any CPU.Build.0 = Release|Any CPU
		{0B59EE7C-08E6-4A99-824F-81FE64BCFFDB}.Debug|Any CPU.ActiveCfg = Debug|Any CPU
		{0B59EE7C-08E6-4A99-824F-81FE64BCFFDB}.Debug|Any CPU.Build.0 = Debug|Any CPU
		{0B59EE7C-08E6-4A99-824F-81FE64BCFFDB}.Release|Any CPU.ActiveCfg = Release|Any CPU
		{0B59EE7C-08E6-4A99-824F-81FE64BCFFDB}.Release|Any CPU.Build.0 = Release|Any CPU
		{741FD0C4-89BF-4132-87F5-F068016658D6}.Debug|Any CPU.ActiveCfg = Debug|Any CPU
		{741FD0C4-89BF-4132-87F5-F068016658D6}.Debug|Any CPU.Build.0 = Debug|Any CPU
		{741FD0C4-89BF-4132-87F5-F068016658D6}.Release|Any CPU.ActiveCfg = Release|Any CPU
		{741FD0C4-89BF-4132-87F5-F068016658D6}.Release|Any CPU.Build.0 = Release|Any CPU
		{8234B271-F67A-4FC0-886D-1DFE9BA03780}.Debug|Any CPU.ActiveCfg = Debug|Any CPU
		{8234B271-F67A-4FC0-886D-1DFE9BA03780}.Debug|Any CPU.Build.0 = Debug|Any CPU
		{8234B271-F67A-4FC0-886D-1DFE9BA03780}.Release|Any CPU.ActiveCfg = Release|Any CPU
		{8234B271-F67A-4FC0-886D-1DFE9BA03780}.Release|Any CPU.Build.0 = Release|Any CPU
		{B5DEC582-B4F8-43E9-A5B1-35ACF565D4AC}.Debug|Any CPU.ActiveCfg = Debug|Any CPU
		{B5DEC582-B4F8-43E9-A5B1-35ACF565D4AC}.Debug|Any CPU.Build.0 = Debug|Any CPU
		{B5DEC582-B4F8-43E9-A5B1-35ACF565D4AC}.Release|Any CPU.ActiveCfg = Release|Any CPU
		{B5DEC582-B4F8-43E9-A5B1-35ACF565D4AC}.Release|Any CPU.Build.0 = Release|Any CPU
		{555B340E-CA48-449F-B511-F556005CD044}.Debug|Any CPU.ActiveCfg = Debug|Any CPU
		{555B340E-CA48-449F-B511-F556005CD044}.Debug|Any CPU.Build.0 = Debug|Any CPU
		{555B340E-CA48-449F-B511-F556005CD044}.Release|Any CPU.ActiveCfg = Release|Any CPU
		{555B340E-CA48-449F-B511-F556005CD044}.Release|Any CPU.Build.0 = Release|Any CPU
	EndGlobalSection
	GlobalSection(SolutionProperties) = preSolution
		HideSolutionNode = FALSE
	EndGlobalSection
	GlobalSection(NestedProjects) = preSolution
		{D7C95D83-956E-4B7C-BE8F-573EBA25C877} = {02EA681E-C7D8-13C7-8484-4AC65E1B71E8}
		{085E4615-F972-4F58-A9CA-6AD980A2F456} = {02EA681E-C7D8-13C7-8484-4AC65E1B71E8}
		{35192C98-CE01-47C1-829D-920171A63E87} = {02EA681E-C7D8-13C7-8484-4AC65E1B71E8}
		{E07F1BC4-1B28-4682-AB09-D6A147147DB6} = {3E797F18-851E-4970-8A9F-05D1E92EB89A}
		{9F13A85F-BD69-4263-BF9A-9A3A9AF17702} = {3E797F18-851E-4970-8A9F-05D1E92EB89A}
		{4E6FBD7F-3D23-4963-AFA6-21BA9503B152} = {3E797F18-851E-4970-8A9F-05D1E92EB89A}
		{FFD149E3-F241-410A-A0BD-D4B9799C22DE} = {7DCB3430-4A17-4C0D-8786-CF0112AB64B8}
		{863D83F1-231A-4CFC-8277-6FE8DDF2F83B} = {7DCB3430-4A17-4C0D-8786-CF0112AB64B8}
		{2E810BE0-ED37-454E-90DF-877E0DE7ED61} = {7DCB3430-4A17-4C0D-8786-CF0112AB64B8}
		{E3E0E087-9921-4154-A7E0-1AC1AAF1DF68} = {A5392B7D-FC49-4A1C-B15E-11BE802BB783}
		{5277345B-D05B-4C6F-AFD0-2C953083286C} = {A5392B7D-FC49-4A1C-B15E-11BE802BB783}
		{1DD628E8-E659-4984-988E-077C7CE1EDA8} = {A5392B7D-FC49-4A1C-B15E-11BE802BB783}
		{765E70B1-D7CE-48FF-A9EA-F250E6CEA00D} = {4C806C9D-DA45-4D91-B174-51070CCB1327}
		{0B59EE7C-08E6-4A99-824F-81FE64BCFFDB} = {4C806C9D-DA45-4D91-B174-51070CCB1327}
		{741FD0C4-89BF-4132-87F5-F068016658D6} = {4C806C9D-DA45-4D91-B174-51070CCB1327}
		{8234B271-F67A-4FC0-886D-1DFE9BA03780} = {6573D485-AC9B-4862-937D-ECB9D6DC627C}
		{B5DEC582-B4F8-43E9-A5B1-35ACF565D4AC} = {6573D485-AC9B-4862-937D-ECB9D6DC627C}
		{555B340E-CA48-449F-B511-F556005CD044} = {6573D485-AC9B-4862-937D-ECB9D6DC627C}
	EndGlobalSection
	GlobalSection(ExtensibilityGlobals) = postSolution
		SolutionGuid = {899F85A4-C1F6-4C25-A2DB-E2C4C9C9ACDE}
	EndGlobalSection
EndGlobal
